// !$*UTF8*$!
{
	archiveVersion = 1;
	classes = {
	};
	objectVersion = 46;
	objects = {

/* Begin PBXBuildFile section */
		63E904AE1C2B7AE9006B86EF /* main.m in Sources */ = {isa = PBXBuildFile; fileRef = 63E904AD1C2B7AE9006B86EF /* main.m */; };
		63E904B11C2B7AE9006B86EF /* AppDelegate.m in Sources */ = {isa = PBXBuildFile; fileRef = 63E904B01C2B7AE9006B86EF /* AppDelegate.m */; };
		63E904B41C2B7AE9006B86EF /* ViewController.m in Sources */ = {isa = PBXBuildFile; fileRef = 63E904B31C2B7AE9006B86EF /* ViewController.m */; };
		63E904B71C2B7AE9006B86EF /* Main.storyboard in Resources */ = {isa = PBXBuildFile; fileRef = 63E904B51C2B7AE9006B86EF /* Main.storyboard */; };
		63E904B91C2B7AE9006B86EF /* Assets.xcassets in Resources */ = {isa = PBXBuildFile; fileRef = 63E904B81C2B7AE9006B86EF /* Assets.xcassets */; };
		63E904BC1C2B7AE9006B86EF /* LaunchScreen.storyboard in Resources */ = {isa = PBXBuildFile; fileRef = 63E904BA1C2B7AE9006B86EF /* LaunchScreen.storyboard */; };
		A32F95AB6CCE73E5062F81C5 /* libPods.a in Frameworks */ = {isa = PBXBuildFile; fileRef = 89C28192D394C6396F65B8A1 /* libPods.a */; };
/* End PBXBuildFile section */

/* Begin PBXFileReference section */
		63E904A91C2B7AE9006B86EF /* DemoOC_91.app */ = {isa = PBXFileReference; explicitFileType = wrapper.application; includeInIndex = 0; path = DemoOC_91.app; sourceTree = BUILT_PRODUCTS_DIR; };
		63E904AD1C2B7AE9006B86EF /* main.m */ = {isa = PBXFileReference; lastKnownFileType = sourcecode.c.objc; path = main.m; sourceTree = "<group>"; };
		63E904AF1C2B7AE9006B86EF /* AppDelegate.h */ = {isa = PBXFileReference; lastKnownFileType = sourcecode.c.h; path = AppDelegate.h; sourceTree = "<group>"; };
		63E904B01C2B7AE9006B86EF /* AppDelegate.m */ = {isa = PBXFileReference; lastKnownFileType = sourcecode.c.objc; path = AppDelegate.m; sourceTree = "<group>"; };
		63E904B21C2B7AE9006B86EF /* ViewController.h */ = {isa = PBXFileReference; lastKnownFileType = sourcecode.c.h; path = ViewController.h; sourceTree = "<group>"; };
		63E904B31C2B7AE9006B86EF /* ViewController.m */ = {isa = PBXFileReference; lastKnownFileType = sourcecode.c.objc; path = ViewController.m; sourceTree = "<group>"; };
		63E904B61C2B7AE9006B86EF /* Base */ = {isa = PBXFileReference; lastKnownFileType = file.storyboard; name = Base; path = Base.lproj/Main.storyboard; sourceTree = "<group>"; };
		63E904B81C2B7AE9006B86EF /* Assets.xcassets */ = {isa = PBXFileReference; lastKnownFileType = folder.assetcatalog; path = Assets.xcassets; sourceTree = "<group>"; };
		63E904BB1C2B7AE9006B86EF /* Base */ = {isa = PBXFileReference; lastKnownFileType = file.storyboard; name = Base; path = Base.lproj/LaunchScreen.storyboard; sourceTree = "<group>"; };
		63E904BD1C2B7AE9006B86EF /* Info.plist */ = {isa = PBXFileReference; lastKnownFileType = text.plist.xml; path = Info.plist; sourceTree = "<group>"; };
		89C28192D394C6396F65B8A1 /* libPods.a */ = {isa = PBXFileReference; explicitFileType = archive.ar; includeInIndex = 0; path = libPods.a; sourceTree = BUILT_PRODUCTS_DIR; };
		B976AE7E78D4D0A1529C192E /* Pods.release.xcconfig */ = {isa = PBXFileReference; includeInIndex = 1; lastKnownFileType = text.xcconfig; name = Pods.release.xcconfig; path = "Pods/Target Support Files/Pods/Pods.release.xcconfig"; sourceTree = "<group>"; };
		D0329D7C039CB5DA972FB561 /* Pods.debug.xcconfig */ = {isa = PBXFileReference; includeInIndex = 1; lastKnownFileType = text.xcconfig; name = Pods.debug.xcconfig; path = "Pods/Target Support Files/Pods/Pods.debug.xcconfig"; sourceTree = "<group>"; };
/* End PBXFileReference section */

/* Begin PBXFrameworksBuildPhase section */
		63E904A61C2B7AE9006B86EF /* Frameworks */ = {
			isa = PBXFrameworksBuildPhase;
			buildActionMask = 2147483647;
			files = (
				A32F95AB6CCE73E5062F81C5 /* libPods.a in Frameworks */,
			);
			runOnlyForDeploymentPostprocessing = 0;
		};
/* End PBXFrameworksBuildPhase section */

/* Begin PBXGroup section */
		0C4A533C90AF8385600D9FA8 /* Frameworks */ = {
			isa = PBXGroup;
			children = (
				89C28192D394C6396F65B8A1 /* libPods.a */,
			);
			name = Frameworks;
			sourceTree = "<group>";
		};
		63E904A01C2B7AE9006B86EF = {
			isa = PBXGroup;
			children = (
				63E904AB1C2B7AE9006B86EF /* DemoOC_91 */,
				63E904AA1C2B7AE9006B86EF /* Products */,
				9766C1A8F6F132B199D8D6E5 /* Pods */,
				0C4A533C90AF8385600D9FA8 /* Frameworks */,
			);
			sourceTree = "<group>";
		};
		63E904AA1C2B7AE9006B86EF /* Products */ = {
			isa = PBXGroup;
			children = (
				63E904A91C2B7AE9006B86EF /* DemoOC_91.app */,
			);
			name = Products;
			sourceTree = "<group>";
		};
		63E904AB1C2B7AE9006B86EF /* DemoOC_91 */ = {
			isa = PBXGroup;
			children = (
				63E904AF1C2B7AE9006B86EF /* AppDelegate.h */,
				63E904B01C2B7AE9006B86EF /* AppDelegate.m */,
				63E904B21C2B7AE9006B86EF /* ViewController.h */,
				63E904B31C2B7AE9006B86EF /* ViewController.m */,
				63E904B51C2B7AE9006B86EF /* Main.storyboard */,
				63E904B81C2B7AE9006B86EF /* Assets.xcassets */,
				63E904BA1C2B7AE9006B86EF /* LaunchScreen.storyboard */,
				63E904BD1C2B7AE9006B86EF /* Info.plist */,
				63E904AC1C2B7AE9006B86EF /* Supporting Files */,
			);
			path = DemoOC_91;
			sourceTree = "<group>";
		};
		63E904AC1C2B7AE9006B86EF /* Supporting Files */ = {
			isa = PBXGroup;
			children = (
				63E904AD1C2B7AE9006B86EF /* main.m */,
			);
			name = "Supporting Files";
			sourceTree = "<group>";
		};
		9766C1A8F6F132B199D8D6E5 /* Pods */ = {
			isa = PBXGroup;
			children = (
				D0329D7C039CB5DA972FB561 /* Pods.debug.xcconfig */,
				B976AE7E78D4D0A1529C192E /* Pods.release.xcconfig */,
			);
			name = Pods;
			sourceTree = "<group>";
		};
/* End PBXGroup section */

/* Begin PBXNativeTarget section */
		63E904A81C2B7AE9006B86EF /* DemoOC_91 */ = {
			isa = PBXNativeTarget;
			buildConfigurationList = 63E904C01C2B7AE9006B86EF /* Build configuration list for PBXNativeTarget "DemoOC_91" */;
			buildPhases = (
				27661274DE816699E04759AD /* Check Pods Manifest.lock */,
				63E904A51C2B7AE9006B86EF /* Sources */,
				63E904A61C2B7AE9006B86EF /* Frameworks */,
				63E904A71C2B7AE9006B86EF /* Resources */,
				535785374DEC1B0D3F5E5646 /* Embed Pods Frameworks */,
				AB67C3C71E62ABCB9D64A1F3 /* Copy Pods Resources */,
			);
			buildRules = (
			);
			dependencies = (
			);
			name = DemoOC_91;
			productName = DemoOC_91;
			productReference = 63E904A91C2B7AE9006B86EF /* DemoOC_91.app */;
			productType = "com.apple.product-type.application";
		};
/* End PBXNativeTarget section */

/* Begin PBXProject section */
		63E904A11C2B7AE9006B86EF /* Project object */ = {
			isa = PBXProject;
			attributes = {
				LastUpgradeCheck = 0710;
				ORGANIZATIONNAME = frankfan;
				TargetAttributes = {
					63E904A81C2B7AE9006B86EF = {
						CreatedOnToolsVersion = 7.1.1;
						DevelopmentTeam = MF748FNY64;
					};
				};
			};
			buildConfigurationList = 63E904A41C2B7AE9006B86EF /* Build configuration list for PBXProject "DemoOC_91" */;
			compatibilityVersion = "Xcode 3.2";
			developmentRegion = English;
			hasScannedForEncodings = 0;
			knownRegions = (
				en,
				Base,
			);
			mainGroup = 63E904A01C2B7AE9006B86EF;
			productRefGroup = 63E904AA1C2B7AE9006B86EF /* Products */;
			projectDirPath = "";
			projectRoot = "";
			targets = (
				63E904A81C2B7AE9006B86EF /* DemoOC_91 */,
			);
		};
/* End PBXProject section */

/* Begin PBXResourcesBuildPhase section */
		63E904A71C2B7AE9006B86EF /* Resources */ = {
			isa = PBXResourcesBuildPhase;
			buildActionMask = 2147483647;
			files = (
				63E904BC1C2B7AE9006B86EF /* LaunchScreen.storyboard in Resources */,
				63E904B91C2B7AE9006B86EF /* Assets.xcassets in Resources */,
				63E904B71C2B7AE9006B86EF /* Main.storyboard in Resources */,
			);
			runOnlyForDeploymentPostprocessing = 0;
		};
/* End PBXResourcesBuildPhase section */

/* Begin PBXShellScriptBuildPhase section */
		27661274DE816699E04759AD /* Check Pods Manifest.lock */ = {
			isa = PBXShellScriptBuildPhase;
			buildActionMask = 2147483647;
			files = (
			);
			inputPaths = (
			);
			name = "Check Pods Manifest.lock";
			outputPaths = (
			);
			runOnlyForDeploymentPostprocessing = 0;
			shellPath = /bin/sh;
			shellScript = "diff \"${PODS_ROOT}/../Podfile.lock\" \"${PODS_ROOT}/Manifest.lock\" > /dev/null\nif [[ $? != 0 ]] ; then\n    cat << EOM\nerror: The sandbox is not in sync with the Podfile.lock. Run 'pod install' or update your CocoaPods installation.\nEOM\n    exit 1\nfi\n";
			showEnvVarsInLog = 0;
		};
		535785374DEC1B0D3F5E5646 /* Embed Pods Frameworks */ = {
			isa = PBXShellScriptBuildPhase;
			buildActionMask = 2147483647;
			files = (
			);
			inputPaths = (
			);
			name = "Embed Pods Frameworks";
			outputPaths = (
			);
			runOnlyForDeploymentPostprocessing = 0;
			shellPath = /bin/sh;
			shellScript = "\"${SRCROOT}/Pods/Target Support Files/Pods/Pods-frameworks.sh\"\n";
			showEnvVarsInLog = 0;
		};
		AB67C3C71E62ABCB9D64A1F3 /* Copy Pods Resources */ = {
			isa = PBXShellScriptBuildPhase;
			buildActionMask = 2147483647;
			files = (
			);
			inputPaths = (
			);
			name = "Copy Pods Resources";
			outputPaths = (
			);
			runOnlyForDeploymentPostprocessing = 0;
			shellPath = /bin/sh;
			shellScript = "\"${SRCROOT}/Pods/Target Support Files/Pods/Pods-resources.sh\"\n";
			showEnvVarsInLog = 0;
		};
/* End PBXShellScriptBuildPhase section */

/* Begin PBXSourcesBuildPhase section */
		63E904A51C2B7AE9006B86EF /* Sources */ = {
			isa = PBXSourcesBuildPhase;
			buildActionMask = 2147483647;
			files = (
				63E904B41C2B7AE9006B86EF /* ViewController.m in Sources */,
				63E904B11C2B7AE9006B86EF /* AppDelegate.m in Sources */,
				63E904AE1C2B7AE9006B86EF /* main.m in Sources */,
			);
			runOnlyForDeploymentPostprocessing = 0;
		};
/* End PBXSourcesBuildPhase section */

/* Begin PBXVariantGroup section */
		63E904B51C2B7AE9006B86EF /* Main.storyboard */ = {
			isa = PBXVariantGroup;
			children = (
				63E904B61C2B7AE9006B86EF /* Base */,
			);
			name = Main.storyboard;
			sourceTree = "<group>";
		};
		63E904BA1C2B7AE9006B86EF /* LaunchScreen.storyboard */ = {
			isa = PBXVariantGroup;
			children = (
				63E904BB1C2B7AE9006B86EF /* Base */,
			);
			name = LaunchScreen.storyboard;
			sourceTree = "<group>";
		};
/* End PBXVariantGroup section */

/* Begin XCBuildConfiguration section */
		63E904BE1C2B7AE9006B86EF /* Debug */ = {
			isa = XCBuildConfiguration;
			buildSettings = {
				ALWAYS_SEARCH_USER_PATHS = NO;
				CLANG_CXX_LANGUAGE_STANDARD = "gnu++0x";
				CLANG_CXX_LIBRARY = "libc++";
				CLANG_ENABLE_MODULES = YES;
				CLANG_ENABLE_OBJC_ARC = YES;
				CLANG_WARN_BOOL_CONVERSION = YES;
				CLANG_WARN_CONSTANT_CONVERSION = YES;
				CLANG_WARN_DIRECT_OBJC_ISA_USAGE = YES_ERROR;
				CLANG_WARN_EMPTY_BODY = YES;
				CLANG_WARN_ENUM_CONVERSION = YES;
				CLANG_WARN_INT_CONVERSION = YES;
				CLANG_WARN_OBJC_ROOT_CLASS = YES_ERROR;
				CLANG_WARN_UNREACHABLE_CODE = YES;
				CLANG_WARN__DUPLICATE_METHOD_MATCH = YES;
				"CODE_SIGN_IDENTITY[sdk=iphoneos*]" = "iPhone Developer";
				COPY_PHASE_STRIP = NO;
				DEBUG_INFORMATION_FORMAT = dwarf;
				ENABLE_STRICT_OBJC_MSGSEND = YES;
				ENABLE_TESTABILITY = YES;
				GCC_C_LANGUAGE_STANDARD = gnu99;
				GCC_DYNAMIC_NO_PIC = NO;
				GCC_NO_COMMON_BLOCKS = YES;
				GCC_OPTIMIZATION_LEVEL = 0;
				GCC_PREPROCESSOR_DEFINITIONS = (
					"DEBUG=1",
					"$(inherited)",
				);
				GCC_WARN_64_TO_32_BIT_CONVERSION = YES;
				GCC_WARN_ABOUT_RETURN_TYPE = YES_ERROR;
				GCC_WARN_UNDECLARED_SELECTOR = YES;
				GCC_WARN_UNINITIALIZED_AUTOS = YES_AGGRESSIVE;
				GCC_WARN_UNUSED_FUNCTION = YES;
				GCC_WARN_UNUSED_VARIABLE = YES;
				IPHONEOS_DEPLOYMENT_TARGET = 9.1;
				MTL_ENABLE_DEBUG_INFO = YES;
				ONLY_ACTIVE_ARCH = YES;
				SDKROOT = iphoneos;
			};
			name = Debug;
		};
		63E904BF1C2B7AE9006B86EF /* Release */ = {
			isa = XCBuildConfiguration;
			buildSettings = {
				ALWAYS_SEARCH_USER_PATHS = NO;
				CLANG_CXX_LANGUAGE_STANDARD = "gnu++0x";
				CLANG_CXX_LIBRARY = "libc++";
				CLANG_ENABLE_MODULES = YES;
				CLANG_ENABLE_OBJC_ARC = YES;
				CLANG_WARN_BOOL_CONVERSION = YES;
				CLANG_WARN_CONSTANT_CONVERSION = YES;
				CLANG_WARN_DIRECT_OBJC_ISA_USAGE = YES_ERROR;
				CLANG_WARN_EMPTY_BODY = YES;
				CLANG_WARN_ENUM_CONVERSION = YES;
				CLANG_WARN_INT_CONVERSION = YES;
				CLANG_WARN_OBJC_ROOT_CLASS = YES_ERROR;
				CLANG_WARN_UNREACHABLE_CODE = YES;
				CLANG_WARN__DUPLICATE_METHOD_MATCH = YES;
				"CODE_SIGN_IDENTITY[sdk=iphoneos*]" = "iPhone Developer";
				COPY_PHASE_STRIP = NO;
				DEBUG_INFORMATION_FORMAT = "dwarf-with-dsym";
				ENABLE_NS_ASSERTIONS = NO;
				ENABLE_STRICT_OBJC_MSGSEND = YES;
				GCC_C_LANGUAGE_STANDARD = gnu99;
				GCC_NO_COMMON_BLOCKS = YES;
				GCC_WARN_64_TO_32_BIT_CONVERSION = YES;
				GCC_WARN_ABOUT_RETURN_TYPE = YES_ERROR;
				GCC_WARN_UNDECLARED_SELECTOR = YES;
				GCC_WARN_UNINITIALIZED_AUTOS = YES_AGGRESSIVE;
				GCC_WARN_UNUSED_FUNCTION = YES;
				GCC_WARN_UNUSED_VARIABLE = YES;
				IPHONEOS_DEPLOYMENT_TARGET = 9.1;
				MTL_ENABLE_DEBUG_INFO = NO;
				SDKROOT = iphoneos;
				VALIDATE_PRODUCT = YES;
			};
			name = Release;
		};
		63E904C11C2B7AE9006B86EF /* Debug */ = {
			isa = XCBuildConfiguration;
			baseConfigurationReference = D0329D7C039CB5DA972FB561 /* Pods.debug.xcconfig */;
			buildSettings = {
				ASSETCATALOG_COMPILER_APPICON_NAME = AppIcon;
				INFOPLIST_FILE = DemoOC_91/Info.plist;
				LD_RUNPATH_SEARCH_PATHS = "$(inherited) @executable_path/Frameworks";
				PRODUCT_BUNDLE_IDENTIFIER = "net.frankfan.www.DemoOC-91";
				PRODUCT_NAME = "$(TARGET_NAME)";
			};
			name = Debug;
		};
		63E904C21C2B7AE9006B86EF /* Release */ = {
			isa = XCBuildConfiguration;
			baseConfigurationReference = B976AE7E78D4D0A1529C192E /* Pods.release.xcconfig */;
			buildSettings = {
				ASSETCATALOG_COMPILER_APPICON_NAME = AppIcon;
				INFOPLIST_FILE = DemoOC_91/Info.plist;
				LD_RUNPATH_SEARCH_PATHS = "$(inherited) @executable_path/Frameworks";
				PRODUCT_BUNDLE_IDENTIFIER = "net.frankfan.www.DemoOC-91";
				PRODUCT_NAME = "$(TARGET_NAME)";
			};
			name = Release;
		};
/* End XCBuildConfiguration section */

/* Begin XCConfigurationList section */
		63E904A41C2B7AE9006B86EF /* Build configuration list for PBXProject "DemoOC_91" */ = {
			isa = XCConfigurationList;
			buildConfigurations = (
				63E904BE1C2B7AE9006B86EF /* Debug */,
				63E904BF1C2B7AE9006B86EF /* Release */,
			);
			defaultConfigurationIsVisible = 0;
			defaultConfigurationName = Release;
		};
		63E904C01C2B7AE9006B86EF /* Build configuration list for PBXNativeTarget "DemoOC_91" */ = {
			isa = XCConfigurationList;
			buildConfigurations = (
				63E904C11C2B7AE9006B86EF /* Debug */,
				63E904C21C2B7AE9006B86EF /* Release */,
			);
			defaultConfigurationIsVisible = 0;
			defaultConfigurationName = Release;
		};
/* End XCConfigurationList section */
	};
	rootObject = 63E904A11C2B7AE9006B86EF /* Project object */;
}
